# THIS IS AN AUTOGENERATED FILE. DO NOT EDIT THIS FILE DIRECTLY.
# yarn lockfile v1
delegates@^0.1.0:
  version "0.1.0"
  resolved "https://registry.yarnpkg.com/delegates/-/delegates-0.1.0.tgz#b4b57be11a1653517a04b27f0949bdc327dfe390"

influx@^5.0.0-alpha.1:
  version "5.0.0-alpha.1"
  resolved "https://registry.yarnpkg.com/influx/-/influx-5.0.0-alpha.1.tgz#983a3ed54f70e5d7da5b895d2cb76202b4e9ba30"

lodash@^2.4.1:
  version "2.4.2"
  resolved "https://registry.yarnpkg.com/lodash/-/lodash-2.4.2.tgz#fadd834b9683073da179b3eae6d9c0d15053f73e"

lodash@^3.5.0:
  version "3.10.1"
  resolved "https://registry.yarnpkg.com/lodash/-/lodash-3.10.1.tgz#5bf45e8e49ba4189e17d482789dfd15bd140b7b6"

only@0.0.2:
  version "0.0.2"
  resolved "https://registry.yarnpkg.com/only/-/only-0.0.2.tgz#2afde84d03e50b9a8edc444e30610a70295edfb4"

sand-grain@^1.0.0:
  version "1.2.1"
  resolved "https://registry.yarnpkg.com/sand-grain/-/sand-grain-1.2.1.tgz#459b1d6c2fb38a8af28e02a8e985f1f3f3b64f50"
  dependencies:
    lodash "^2.4.1"
    only "0.0.2"

